
Microsoft Visual Studio Solution File, Format Version 12.00
# Visual Studio 15
VisualStudioVersion = 15.0.28010.2046
MinimumVisualStudioVersion = 10.0.40219.1
Project("{FAE04EC0-301F-11D3-BF4B-00C04F79EFBC}") = "Entidades", "Entidades\Entidades.csproj", "{97D330CF-7862-4F57-87C3-6F93A7EA738C}"
EndProject
Project("{FAE04EC0-301F-11D3-BF4B-00C04F79EFBC}") = "Database", "Database\Database.csproj", "{651FBFC3-40AB-459A-846D-B2E51C0597A7}"
EndProject
Project("{FAE04EC0-301F-11D3-BF4B-00C04F79EFBC}") = "UI.Web", "UI.Web\UI.Web.csproj", "{0F839F32-CAEC-4E65-AAA6-C051E9FA2B9F}"
EndProject
Project("{FAE04EC0-301F-11D3-BF4B-00C04F79EFBC}") = "Logic", "Logic\Logic.csproj", "{CFF3ED7A-24FC-4126-BD44-3286A6F9D4E1}"
EndProject
Global
	GlobalSection(SolutionConfigurationPlatforms) = preSolution
		Debug|Any CPU = Debug|Any CPU
		Release|Any CPU = Release|Any CPU
	EndGlobalSection
	GlobalSection(ProjectConfigurationPlatforms) = postSolution
		{97D330CF-7862-4F57-87C3-6F93A7EA738C}.Debug|Any CPU.ActiveCfg = Debug|Any CPU
		{97D330CF-7862-4F57-87C3-6F93A7EA738C}.Debug|Any CPU.Build.0 = Debug|Any CPU
		{97D330CF-7862-4F57-87C3-6F93A7EA738C}.Release|Any CPU.ActiveCfg = Release|Any CPU
		{97D330CF-7862-4F57-87C3-6F93A7EA738C}.Release|Any CPU.Build.0 = Release|Any CPU
		{651FBFC3-40AB-459A-846D-B2E51C0597A7}.Debug|Any CPU.ActiveCfg = Debug|Any CPU
		{651FBFC3-40AB-459A-846D-B2E51C0597A7}.Debug|Any CPU.Build.0 = Debug|Any CPU
		{651FBFC3-40AB-459A-846D-B2E51C0597A7}.Release|Any CPU.ActiveCfg = Release|Any CPU
		{651FBFC3-40AB-459A-846D-B2E51C0597A7}.Release|Any CPU.Build.0 = Release|Any CPU
		{0F839F32-CAEC-4E65-AAA6-C051E9FA2B9F}.Debug|Any CPU.ActiveCfg = Debug|Any CPU
		{0F839F32-CAEC-4E65-AAA6-C051E9FA2B9F}.Debug|Any CPU.Build.0 = Debug|Any CPU
		{0F839F32-CAEC-4E65-AAA6-C051E9FA2B9F}.Release|Any CPU.ActiveCfg = Release|Any CPU
		{0F839F32-CAEC-4E65-AAA6-C051E9FA2B9F}.Release|Any CPU.Build.0 = Release|Any CPU
		{CFF3ED7A-24FC-4126-BD44-3286A6F9D4E1}.Debug|Any CPU.ActiveCfg = Debug|Any CPU
		{CFF3ED7A-24FC-4126-BD44-3286A6F9D4E1}.Debug|Any CPU.Build.0 = Debug|Any CPU
		{CFF3ED7A-24FC-4126-BD44-3286A6F9D4E1}.Release|Any CPU.ActiveCfg = Release|Any CPU
		{CFF3ED7A-24FC-4126-BD44-3286A6F9D4E1}.Release|Any CPU.Build.0 = Release|Any CPU
	EndGlobalSection
	GlobalSection(SolutionProperties) = preSolution
		HideSolutionNode = FALSE
	EndGlobalSection
	GlobalSection(ExtensibilityGlobals) = postSolution
		SolutionGuid = {C852EB04-5F86-452E-A02C-6A1884DD38A4}
	EndGlobalSection
EndGlobal
